// !$*UTF8*$!
{
	archiveVersion = 1;
	classes = {
	};
	objectVersion = 46;
	objects = {

/* Begin PBXBuildFile section */
		22A2AB1F1436134800525226 /* Foundation.framework in Frameworks */ = {isa = PBXBuildFile; fileRef = 22A2AB1E1436134800525226 /* Foundation.framework */; };
		22A2AB221436134800525226 /* main.m in Sources */ = {isa = PBXBuildFile; fileRef = 22A2AB211436134800525226 /* main.m */; };
		22A2AB261436134800525226 /* KanaCommandLine.1 in CopyFiles */ = {isa = PBXBuildFile; fileRef = 22A2AB251436134800525226 /* KanaCommandLine.1 */; };
/* End PBXBuildFile section */

/* Begin PBXCopyFilesBuildPhase section */
		22A2AB181436134800525226 /* CopyFiles */ = {
			isa = PBXCopyFilesBuildPhase;
			buildActionMask = 2147483647;
			dstPath = /usr/share/man/man1/;
			dstSubfolderSpec = 0;
			files = (
				22A2AB261436134800525226 /* KanaCommandLine.1 in CopyFiles */,
			);
			runOnlyForDeploymentPostprocessing = 1;
		};
/* End PBXCopyFilesBuildPhase section */

/* Begin PBXFileReference section */
		22A2AB1A1436134800525226 /* KanaCommandLine */ = {isa = PBXFileReference; explicitFileType = "compiled.mach-o.executable"; includeInIndex = 0; path = KanaCommandLine; sourceTree = BUILT_PRODUCTS_DIR; };
		22A2AB1E1436134800525226 /* Foundation.framework */ = {isa = PBXFileReference; lastKnownFileType = wrapper.framework; name = Foundation.framework; path = System/Library/Frameworks/Foundation.framework; sourceTree = SDKROOT; };
		22A2AB211436134800525226 /* main.m */ = {isa = PBXFileReference; lastKnownFileType = sourcecode.c.objc; path = main.m; sourceTree = "<group>"; };
		22A2AB241436134800525226 /* KanaCommandLine-Prefix.pch */ = {isa = PBXFileReference; path = "KanaCommandLine-Prefix.pch"; sourceTree = "<group>"; };
		22A2AB251436134800525226 /* KanaCommandLine.1 */ = {isa = PBXFileReference; lastKnownFileType = text.man; path = KanaCommandLine.1; sourceTree = "<group>"; };
/* End PBXFileReference section */

/* Begin PBXFrameworksBuildPhase section */
		22A2AB171436134800525226 /* Frameworks */ = {
			isa = PBXFrameworksBuildPhase;
			buildActionMask = 2147483647;
			files = (
				22A2AB1F1436134800525226 /* Foundation.framework in Frameworks */,
			);
			runOnlyForDeploymentPostprocessing = 0;
		};
/* End PBXFrameworksBuildPhase section */

/* Begin PBXGroup section */
		22A2AB0F1436134800525226 = {
			isa = PBXGroup;
			children = (
				22A2AB201436134800525226 /* KanaCommandLine */,
				22A2AB1D1436134800525226 /* Frameworks */,
				22A2AB1B1436134800525226 /* Products */,
			);
			sourceTree = "<group>";
		};
		22A2AB1B1436134800525226 /* Products */ = {
			isa = PBXGroup;
			children = (
				22A2AB1A1436134800525226 /* KanaCommandLine */,
			);
			name = Products;
			sourceTree = "<group>";
		};
		22A2AB1D1436134800525226 /* Frameworks */ = {
			isa = PBXGroup;
			children = (
				22A2AB1E1436134800525226 /* Foundation.framework */,
			);
			name = Frameworks;
			sourceTree = "<group>";
		};
		22A2AB201436134800525226 /* KanaCommandLine */ = {
			isa = PBXGroup;
			children = (
				22A2AB211436134800525226 /* main.m */,
				22A2AB251436134800525226 /* KanaCommandLine.1 */,
				22A2AB231436134800525226 /* Supporting Files */,
			);
			path = KanaCommandLine;
			sourceTree = "<group>";
		};
		22A2AB231436134800525226 /* Supporting Files */ = {
			isa = PBXGroup;
			children = (
				22A2AB241436134800525226 /* KanaCommandLine-Prefix.pch */,
			);
			name = "Supporting Files";
			sourceTree = "<group>";
		};
/* End PBXGroup section */

/* Begin PBXNativeTarget section */
		22A2AB191436134800525226 /* KanaCommandLine */ = {
			isa = PBXNativeTarget;
			buildConfigurationList = 22A2AB291436134800525226 /* Build configuration list for PBXNativeTarget "KanaCommandLine" */;
			buildPhases = (
				22A2AB161436134800525226 /* Sources */,
				22A2AB171436134800525226 /* Frameworks */,
				22A2AB181436134800525226 /* CopyFiles */,
			);
			buildRules = (
			);
			dependencies = (
			);
			name = KanaCommandLine;
			productName = KanaCommandLine;
			productReference = 22A2AB1A1436134800525226 /* KanaCommandLine */;
			productType = "com.apple.product-type.tool";
		};
/* End PBXNativeTarget section */

/* Begin PBXProject section */
		22A2AB111436134800525226 /* Project object */ = {
			isa = PBXProject;
			buildConfigurationList = 22A2AB141436134800525226 /* Build configuration list for PBXProject "KanaCommandLine" */;
			compatibilityVersion = "Xcode 3.2";
			developmentRegion = English;
			hasScannedForEncodings = 0;
			knownRegions = (
				en,
			);
			mainGroup = 22A2AB0F1436134800525226;
			productRefGroup = 22A2AB1B1436134800525226 /* Products */;
			projectDirPath = "";
			projectRoot = "";
			targets = (
				22A2AB191436134800525226 /* KanaCommandLine */,
			);
		};
/* End PBXProject section */

/* Begin PBXSourcesBuildPhase section */
		22A2AB161436134800525226 /* Sources */ = {
			isa = PBXSourcesBuildPhase;
			buildActionMask = 2147483647;
			files = (
				22A2AB221436134800525226 /* main.m in Sources */,
			);
			runOnlyForDeploymentPostprocessing = 0;
		};
/* End PBXSourcesBuildPhase section */

/* Begin XCBuildConfiguration section */
		22A2AB271436134800525226 /* Debug */ = {
			isa = XCBuildConfiguration;
			buildSettings = {
				ALWAYS_SEARCH_USER_PATHS = NO;
				ARCHS = "$(ARCHS_STANDARD_64_BIT)";
				COPY_PHASE_STRIP = NO;
				GCC_C_LANGUAGE_STANDARD = gnu99;
				GCC_DYNAMIC_NO_PIC = NO;
				GCC_ENABLE_OBJC_EXCEPTIONS = YES;
				GCC_OPTIMIZATION_LEVEL = 0;
				GCC_PREPROCESSOR_DEFINITIONS = (
					"DEBUG=1",
					"$(inherited)",
				);
				GCC_SYMBOLS_PRIVATE_EXTERN = NO;
				GCC_VERSION = com.apple.compilers.llvm.clang.1_0;
				GCC_WARN_64_TO_32_BIT_CONVERSION = YES;
				GCC_WARN_ABOUT_MISSING_PROTOTYPES = YES;
				GCC_WARN_ABOUT_RETURN_TYPE = YES;
				GCC_WARN_UNUSED_VARIABLE = YES;
				MACOSX_DEPLOYMENT_TARGET = 10.7;
				ONLY_ACTIVE_ARCH = YES;
				SDKROOT = macosx;
			};
			name = Debug;
		};
		22A2AB281436134800525226 /* Release */ = {
			isa = XCBuildConfiguration;
			buildSettings = {
				ALWAYS_SEARCH_USER_PATHS = NO;
				ARCHS = "$(ARCHS_STANDARD_64_BIT)";
				COPY_PHASE_STRIP = YES;
				DEBUG_INFORMATION_FORMAT = "dwarf-with-dsym";
				GCC_C_LANGUAGE_STANDARD = gnu99;
				GCC_ENABLE_OBJC_EXCEPTIONS = YES;
				GCC_VERSION = com.apple.compilers.llvm.clang.1_0;
				GCC_WARN_64_TO_32_BIT_CONVERSION = YES;
				GCC_WARN_ABOUT_MISSING_PROTOTYPES = YES;
				GCC_WARN_ABOUT_RETURN_TYPE = YES;
				GCC_WARN_UNUSED_VARIABLE = YES;
				MACOSX_DEPLOYMENT_TARGET = 10.7;
				SDKROOT = macosx;
			};
			name = Release;
		};
		22A2AB2A1436134800525226 /* Debug */ = {
			isa = XCBuildConfiguration;
			buildSettings = {
				GCC_PRECOMPILE_PREFIX_HEADER = YES;
				GCC_PREFIX_HEADER = "KanaCommandLine/KanaCommandLine-Prefix.pch";
				PRODUCT_NAME = "$(TARGET_NAME)";
			};
			name = Debug;
		};
		22A2AB2B1436134800525226 /* Release */ = {
			isa = XCBuildConfiguration;
			buildSettings = {
				GCC_PRECOMPILE_PREFIX_HEADER = YES;
				GCC_PREFIX_HEADER = "KanaCommandLine/KanaCommandLine-Prefix.pch";
				PRODUCT_NAME = "$(TARGET_NAME)";
			};
			name = Release;
		};
/* End XCBuildConfiguration section */

/* Begin XCConfigurationList section */
		22A2AB141436134800525226 /* Build configuration list for PBXProject "KanaCommandLine" */ = {
			isa = XCConfigurationList;
			buildConfigurations = (
				22A2AB271436134800525226 /* Debug */,
				22A2AB281436134800525226 /* Release */,
			);
			defaultConfigurationIsVisible = 0;
			defaultConfigurationName = Release;
		};
		22A2AB291436134800525226 /* Build configuration list for PBXNativeTarget "KanaCommandLine" */ = {
			isa = XCConfigurationList;
			buildConfigurations = (
				22A2AB2A1436134800525226 /* Debug */,
				22A2AB2B1436134800525226 /* Release */,
			);
			defaultConfigurationIsVisible = 0;
		};
/* End XCConfigurationList section */
	};
	rootObject = 22A2AB111436134800525226 /* Project object */;
}
